// !$*UTF8*$!
{
	archiveVersion = 1;
	classes = {
	};
	objectVersion = 50;
	objects = {

/* Begin PBXBuildFile section */
		A7F4395C21D31D84003D5C2A /* AppDelegate.swift in Sources */ = {isa = PBXBuildFile; fileRef = A7F4395B21D31D84003D5C2A /* AppDelegate.swift */; };
		A7F4395E21D31D84003D5C2A /* ViewController.swift in Sources */ = {isa = PBXBuildFile; fileRef = A7F4395D21D31D84003D5C2A /* ViewController.swift */; };
		A7F4396121D31D84003D5C2A /* Main.storyboard in Resources */ = {isa = PBXBuildFile; fileRef = A7F4395F21D31D84003D5C2A /* Main.storyboard */; };
		A7F4396321D31D86003D5C2A /* Assets.xcassets in Resources */ = {isa = PBXBuildFile; fileRef = A7F4396221D31D86003D5C2A /* Assets.xcassets */; };
		A7F4396621D31D86003D5C2A /* LaunchScreen.storyboard in Resources */ = {isa = PBXBuildFile; fileRef = A7F4396421D31D86003D5C2A /* LaunchScreen.storyboard */; };
		DFCB72C521E5860500A3F827 /* Extension_UIFont.swift in Sources */ = {isa = PBXBuildFile; fileRef = DFCB72C421E5860500A3F827 /* Extension_UIFont.swift */; };
		DFCB72C721E5862700A3F827 /* Extension_UIColor.swift in Sources */ = {isa = PBXBuildFile; fileRef = DFCB72C621E5862700A3F827 /* Extension_UIColor.swift */; };
		DFDF26D921E4774300F60732 /* trace_btn_bg@3x.png in Resources */ = {isa = PBXBuildFile; fileRef = DFDF26C121E4774300F60732 /* trace_btn_bg@3x.png */; };
		DFDF26DA21E4774300F60732 /* trace_btn_bg@2x.png in Resources */ = {isa = PBXBuildFile; fileRef = DFDF26C221E4774300F60732 /* trace_btn_bg@2x.png */; };
		DFDF26DC21E4774300F60732 /* bone_yellow_btn_bg@2x.png in Resources */ = {isa = PBXBuildFile; fileRef = DFDF26C421E4774300F60732 /* bone_yellow_btn_bg@2x.png */; };
		DFDF26DD21E4774300F60732 /* bone_yellow_btn_bg@3x.png in Resources */ = {isa = PBXBuildFile; fileRef = DFDF26C521E4774300F60732 /* bone_yellow_btn_bg@3x.png */; };
		DFDF26DE21E4774300F60732 /* bone brown x3.png in Resources */ = {isa = PBXBuildFile; fileRef = DFDF26C621E4774300F60732 /* bone brown x3.png */; };
		DFDF26DF21E4774300F60732 /* arrow x3.png in Resources */ = {isa = PBXBuildFile; fileRef = DFDF26C721E4774300F60732 /* arrow x3.png */; };
		DFDF26E021E4774300F60732 /* bone brown x2.png in Resources */ = {isa = PBXBuildFile; fileRef = DFDF26C821E4774300F60732 /* bone brown x2.png */; };
		DFDF26E121E4774300F60732 /* arrow x2.png in Resources */ = {isa = PBXBuildFile; fileRef = DFDF26C921E4774300F60732 /* arrow x2.png */; };
		DFDF26E221E4774300F60732 /* camera_btn_bg@3x.png in Resources */ = {isa = PBXBuildFile; fileRef = DFDF26CA21E4774300F60732 /* camera_btn_bg@3x.png */; };
		DFDF26E321E4774300F60732 /* camera_btn_bg@2x.png in Resources */ = {isa = PBXBuildFile; fileRef = DFDF26CB21E4774300F60732 /* camera_btn_bg@2x.png */; };
		DFDF26E421E4774300F60732 /* launch_loading@2x.png in Resources */ = {isa = PBXBuildFile; fileRef = DFDF26CC21E4774300F60732 /* launch_loading@2x.png */; };
		DFDF26E521E4774300F60732 /* launch_loading@3x.png in Resources */ = {isa = PBXBuildFile; fileRef = DFDF26CD21E4774300F60732 /* launch_loading@3x.png */; };
		DFDF26E621E4774300F60732 /* feedback x2.png in Resources */ = {isa = PBXBuildFile; fileRef = DFDF26CE21E4774300F60732 /* feedback x2.png */; };
		DFDF26E721E4774300F60732 /* feedback x3.png in Resources */ = {isa = PBXBuildFile; fileRef = DFDF26CF21E4774300F60732 /* feedback x3.png */; };
		DFDF26E821E4774300F60732 /* wiki x2.png in Resources */ = {isa = PBXBuildFile; fileRef = DFDF26D021E4774300F60732 /* wiki x2.png */; };
		DFDF26E921E4774300F60732 /* wiki x3.png in Resources */ = {isa = PBXBuildFile; fileRef = DFDF26D121E4774300F60732 /* wiki x3.png */; };
		DFDF26EA21E4774300F60732 /* photos_btn_bt@2x.png in Resources */ = {isa = PBXBuildFile; fileRef = DFDF26D221E4774300F60732 /* photos_btn_bt@2x.png */; };
		DFDF26EB21E4774300F60732 /* photos_btn_bt@3x.png in Resources */ = {isa = PBXBuildFile; fileRef = DFDF26D321E4774300F60732 /* photos_btn_bt@3x.png */; };
		DFDF26EC21E4774300F60732 /* Inceptionv3.mlmodel in Sources */ = {isa = PBXBuildFile; fileRef = DFDF26D521E4774300F60732 /* Inceptionv3.mlmodel */; };
		DFDF26ED21E4774300F60732 /* AmaticSC-Bold.ttf in Resources */ = {isa = PBXBuildFile; fileRef = DFDF26D721E4774300F60732 /* AmaticSC-Bold.ttf */; };
/* End PBXBuildFile section */

/* Begin PBXFileReference section */
		A7F4395821D31D84003D5C2A /* mlexp.app */ = {isa = PBXFileReference; explicitFileType = wrapper.application; includeInIndex = 0; path = mlexp.app; sourceTree = BUILT_PRODUCTS_DIR; };
		A7F4395B21D31D84003D5C2A /* AppDelegate.swift */ = {isa = PBXFileReference; lastKnownFileType = sourcecode.swift; path = AppDelegate.swift; sourceTree = "<group>"; };
		A7F4395D21D31D84003D5C2A /* ViewController.swift */ = {isa = PBXFileReference; lastKnownFileType = sourcecode.swift; path = ViewController.swift; sourceTree = "<group>"; };
		A7F4396021D31D84003D5C2A /* Base */ = {isa = PBXFileReference; lastKnownFileType = file.storyboard; name = Base; path = Base.lproj/Main.storyboard; sourceTree = "<group>"; };
		A7F4396221D31D86003D5C2A /* Assets.xcassets */ = {isa = PBXFileReference; lastKnownFileType = folder.assetcatalog; path = Assets.xcassets; sourceTree = "<group>"; };
		A7F4396521D31D86003D5C2A /* Base */ = {isa = PBXFileReference; lastKnownFileType = file.storyboard; name = Base; path = Base.lproj/LaunchScreen.storyboard; sourceTree = "<group>"; };
		A7F4396721D31D86003D5C2A /* Info.plist */ = {isa = PBXFileReference; lastKnownFileType = text.plist.xml; path = Info.plist; sourceTree = "<group>"; };
		DFCB72C421E5860500A3F827 /* Extension_UIFont.swift */ = {isa = PBXFileReference; lastKnownFileType = sourcecode.swift; path = Extension_UIFont.swift; sourceTree = "<group>"; };
		DFCB72C621E5862700A3F827 /* Extension_UIColor.swift */ = {isa = PBXFileReference; lastKnownFileType = sourcecode.swift; path = Extension_UIColor.swift; sourceTree = "<group>"; };
		DFDF26C121E4774300F60732 /* trace_btn_bg@3x.png */ = {isa = PBXFileReference; lastKnownFileType = image.png; path = "trace_btn_bg@3x.png"; sourceTree = "<group>"; };
		DFDF26C221E4774300F60732 /* trace_btn_bg@2x.png */ = {isa = PBXFileReference; lastKnownFileType = image.png; path = "trace_btn_bg@2x.png"; sourceTree = "<group>"; };
		DFDF26C421E4774300F60732 /* bone_yellow_btn_bg@2x.png */ = {isa = PBXFileReference; lastKnownFileType = image.png; path = "bone_yellow_btn_bg@2x.png"; sourceTree = "<group>"; };
		DFDF26C521E4774300F60732 /* bone_yellow_btn_bg@3x.png */ = {isa = PBXFileReference; lastKnownFileType = image.png; path = "bone_yellow_btn_bg@3x.png"; sourceTree = "<group>"; };
		DFDF26C621E4774300F60732 /* bone brown x3.png */ = {isa = PBXFileReference; lastKnownFileType = image.png; path = "bone brown x3.png"; sourceTree = "<group>"; };
		DFDF26C721E4774300F60732 /* arrow x3.png */ = {isa = PBXFileReference; lastKnownFileType = image.png; path = "arrow x3.png"; sourceTree = "<group>"; };
		DFDF26C821E4774300F60732 /* bone brown x2.png */ = {isa = PBXFileReference; lastKnownFileType = image.png; path = "bone brown x2.png"; sourceTree = "<group>"; };
		DFDF26C921E4774300F60732 /* arrow x2.png */ = {isa = PBXFileReference; lastKnownFileType = image.png; path = "arrow x2.png"; sourceTree = "<group>"; };
		DFDF26CA21E4774300F60732 /* camera_btn_bg@3x.png */ = {isa = PBXFileReference; lastKnownFileType = image.png; path = "camera_btn_bg@3x.png"; sourceTree = "<group>"; };
		DFDF26CB21E4774300F60732 /* camera_btn_bg@2x.png */ = {isa = PBXFileReference; lastKnownFileType = image.png; path = "camera_btn_bg@2x.png"; sourceTree = "<group>"; };
		DFDF26CC21E4774300F60732 /* launch_loading@2x.png */ = {isa = PBXFileReference; lastKnownFileType = image.png; path = "launch_loading@2x.png"; sourceTree = "<group>"; };
		DFDF26CD21E4774300F60732 /* launch_loading@3x.png */ = {isa = PBXFileReference; lastKnownFileType = image.png; path = "launch_loading@3x.png"; sourceTree = "<group>"; };
		DFDF26CE21E4774300F60732 /* feedback x2.png */ = {isa = PBXFileReference; lastKnownFileType = image.png; path = "feedback x2.png"; sourceTree = "<group>"; };
		DFDF26CF21E4774300F60732 /* feedback x3.png */ = {isa = PBXFileReference; lastKnownFileType = image.png; path = "feedback x3.png"; sourceTree = "<group>"; };
		DFDF26D021E4774300F60732 /* wiki x2.png */ = {isa = PBXFileReference; lastKnownFileType = image.png; path = "wiki x2.png"; sourceTree = "<group>"; };
		DFDF26D121E4774300F60732 /* wiki x3.png */ = {isa = PBXFileReference; lastKnownFileType = image.png; path = "wiki x3.png"; sourceTree = "<group>"; };
		DFDF26D221E4774300F60732 /* photos_btn_bt@2x.png */ = {isa = PBXFileReference; lastKnownFileType = image.png; path = "photos_btn_bt@2x.png"; sourceTree = "<group>"; };
		DFDF26D321E4774300F60732 /* photos_btn_bt@3x.png */ = {isa = PBXFileReference; lastKnownFileType = image.png; path = "photos_btn_bt@3x.png"; sourceTree = "<group>"; };
		DFDF26D521E4774300F60732 /* Inceptionv3.mlmodel */ = {isa = PBXFileReference; lastKnownFileType = file.mlmodel; path = Inceptionv3.mlmodel; sourceTree = "<group>"; };
		DFDF26D721E4774300F60732 /* AmaticSC-Bold.ttf */ = {isa = PBXFileReference; lastKnownFileType = file; path = "AmaticSC-Bold.ttf"; sourceTree = "<group>"; };
/* End PBXFileReference section */

/* Begin PBXFrameworksBuildPhase section */
		A7F4395521D31D84003D5C2A /* Frameworks */ = {
			isa = PBXFrameworksBuildPhase;
			buildActionMask = 2147483647;
			files = (
			);
			runOnlyForDeploymentPostprocessing = 0;
		};
/* End PBXFrameworksBuildPhase section */

/* Begin PBXGroup section */
		A7F4394F21D31D84003D5C2A = {
			isa = PBXGroup;
			children = (
				A7F4395A21D31D84003D5C2A /* mlexp */,
				A7F4395921D31D84003D5C2A /* Products */,
			);
			sourceTree = "<group>";
		};
		A7F4395921D31D84003D5C2A /* Products */ = {
			isa = PBXGroup;
			children = (
				A7F4395821D31D84003D5C2A /* mlexp.app */,
			);
			name = Products;
			sourceTree = "<group>";
		};
		A7F4395A21D31D84003D5C2A /* mlexp */ = {
			isa = PBXGroup;
			children = (
				DFDF26BF21E4774300F60732 /* Resource */,
				DFDF26D821E4774300F60732 /* Utils */,
				A7F4395B21D31D84003D5C2A /* AppDelegate.swift */,
				A7F4395D21D31D84003D5C2A /* ViewController.swift */,
				A7F4395F21D31D84003D5C2A /* Main.storyboard */,
				A7F4396221D31D86003D5C2A /* Assets.xcassets */,
				A7F4396421D31D86003D5C2A /* LaunchScreen.storyboard */,
				A7F4396721D31D86003D5C2A /* Info.plist */,
			);
			path = mlexp;
			sourceTree = "<group>";
		};
		DFDF26BF21E4774300F60732 /* Resource */ = {
			isa = PBXGroup;
			children = (
				DFDF26C021E4774300F60732 /* Png */,
				DFDF26D421E4774300F60732 /* Model */,
				DFDF26D621E4774300F60732 /* Font */,
			);
			path = Resource;
			sourceTree = "<group>";
		};
		DFDF26C021E4774300F60732 /* Png */ = {
			isa = PBXGroup;
			children = (
				DFDF26CC21E4774300F60732 /* launch_loading@2x.png */,
				DFDF26CD21E4774300F60732 /* launch_loading@3x.png */,
				DFDF26D221E4774300F60732 /* photos_btn_bt@2x.png */,
				DFDF26D321E4774300F60732 /* photos_btn_bt@3x.png */,
				DFDF26CB21E4774300F60732 /* camera_btn_bg@2x.png */,
				DFDF26CA21E4774300F60732 /* camera_btn_bg@3x.png */,
				DFDF26C121E4774300F60732 /* trace_btn_bg@3x.png */,
				DFDF26C221E4774300F60732 /* trace_btn_bg@2x.png */,
				DFDF26C421E4774300F60732 /* bone_yellow_btn_bg@2x.png */,
				DFDF26C521E4774300F60732 /* bone_yellow_btn_bg@3x.png */,
				DFDF26C621E4774300F60732 /* bone brown x3.png */,
				DFDF26C721E4774300F60732 /* arrow x3.png */,
				DFDF26C821E4774300F60732 /* bone brown x2.png */,
				DFDF26C921E4774300F60732 /* arrow x2.png */,
				DFDF26CE21E4774300F60732 /* feedback x2.png */,
				DFDF26CF21E4774300F60732 /* feedback x3.png */,
				DFDF26D021E4774300F60732 /* wiki x2.png */,
				DFDF26D121E4774300F60732 /* wiki x3.png */,
			);
			path = Png;
			sourceTree = "<group>";
		};
		DFDF26D421E4774300F60732 /* Model */ = {
			isa = PBXGroup;
			children = (
				DFDF26D521E4774300F60732 /* Inceptionv3.mlmodel */,
			);
			path = Model;
			sourceTree = "<group>";
		};
		DFDF26D621E4774300F60732 /* Font */ = {
			isa = PBXGroup;
			children = (
				DFDF26D721E4774300F60732 /* AmaticSC-Bold.ttf */,
			);
			path = Font;
			sourceTree = "<group>";
		};
		DFDF26D821E4774300F60732 /* Utils */ = {
			isa = PBXGroup;
			children = (
				DFCB72C421E5860500A3F827 /* Extension_UIFont.swift */,
				DFCB72C621E5862700A3F827 /* Extension_UIColor.swift */,
			);
			path = Utils;
			sourceTree = "<group>";
		};
/* End PBXGroup section */

/* Begin PBXNativeTarget section */
		A7F4395721D31D84003D5C2A /* mlexp */ = {
			isa = PBXNativeTarget;
			buildConfigurationList = A7F4396A21D31D86003D5C2A /* Build configuration list for PBXNativeTarget "mlexp" */;
			buildPhases = (
				A7F4395421D31D84003D5C2A /* Sources */,
				A7F4395521D31D84003D5C2A /* Frameworks */,
				A7F4395621D31D84003D5C2A /* Resources */,
			);
			buildRules = (
			);
			dependencies = (
			);
			name = mlexp;
			productName = mlexp;
			productReference = A7F4395821D31D84003D5C2A /* mlexp.app */;
			productType = "com.apple.product-type.application";
		};
/* End PBXNativeTarget section */

/* Begin PBXProject section */
		A7F4395021D31D84003D5C2A /* Project object */ = {
			isa = PBXProject;
			attributes = {
				LastSwiftUpdateCheck = 1010;
				LastUpgradeCheck = 1010;
				ORGANIZATIONNAME = "Yamin Wei";
				TargetAttributes = {
					A7F4395721D31D84003D5C2A = {
						CreatedOnToolsVersion = 10.1;
					};
				};
			};
			buildConfigurationList = A7F4395321D31D84003D5C2A /* Build configuration list for PBXProject "mlexp" */;
			compatibilityVersion = "Xcode 9.3";
			developmentRegion = en;
			hasScannedForEncodings = 0;
			knownRegions = (
				en,
				Base,
			);
			mainGroup = A7F4394F21D31D84003D5C2A;
			productRefGroup = A7F4395921D31D84003D5C2A /* Products */;
			projectDirPath = "";
			projectRoot = "";
			targets = (
				A7F4395721D31D84003D5C2A /* mlexp */,
			);
		};
/* End PBXProject section */

/* Begin PBXResourcesBuildPhase section */
		A7F4395621D31D84003D5C2A /* Resources */ = {
			isa = PBXResourcesBuildPhase;
			buildActionMask = 2147483647;
			files = (
				DFDF26DD21E4774300F60732 /* bone_yellow_btn_bg@3x.png in Resources */,
				DFDF26DF21E4774300F60732 /* arrow x3.png in Resources */,
				A7F4396621D31D86003D5C2A /* LaunchScreen.storyboard in Resources */,
				DFDF26D921E4774300F60732 /* trace_btn_bg@3x.png in Resources */,
				DFDF26EA21E4774300F60732 /* photos_btn_bt@2x.png in Resources */,
				DFDF26DC21E4774300F60732 /* bone_yellow_btn_bg@2x.png in Resources */,
				DFDF26E021E4774300F60732 /* bone brown x2.png in Resources */,
				DFDF26E721E4774300F60732 /* feedback x3.png in Resources */,
				DFDF26E221E4774300F60732 /* camera_btn_bg@3x.png in Resources */,
				DFDF26E821E4774300F60732 /* wiki x2.png in Resources */,
				DFDF26E921E4774300F60732 /* wiki x3.png in Resources */,
				DFDF26E621E4774300F60732 /* feedback x2.png in Resources */,
				DFDF26DE21E4774300F60732 /* bone brown x3.png in Resources */,
				DFDF26E421E4774300F60732 /* launch_loading@2x.png in Resources */,
				A7F4396321D31D86003D5C2A /* Assets.xcassets in Resources */,
				DFDF26E521E4774300F60732 /* launch_loading@3x.png in Resources */,
				DFDF26EB21E4774300F60732 /* photos_btn_bt@3x.png in Resources */,
				DFDF26ED21E4774300F60732 /* AmaticSC-Bold.ttf in Resources */,
				DFDF26E321E4774300F60732 /* camera_btn_bg@2x.png in Resources */,
				DFDF26E121E4774300F60732 /* arrow x2.png in Resources */,
				DFDF26DA21E4774300F60732 /* trace_btn_bg@2x.png in Resources */,
				A7F4396121D31D84003D5C2A /* Main.storyboard in Resources */,
			);
			runOnlyForDeploymentPostprocessing = 0;
		};
/* End PBXResourcesBuildPhase section */

/* Begin PBXSourcesBuildPhase section */
		A7F4395421D31D84003D5C2A /* Sources */ = {
			isa = PBXSourcesBuildPhase;
			buildActionMask = 2147483647;
			files = (
				A7F4395E21D31D84003D5C2A /* ViewController.swift in Sources */,
				DFDF26EC21E4774300F60732 /* Inceptionv3.mlmodel in Sources */,
				DFCB72C521E5860500A3F827 /* Extension_UIFont.swift in Sources */,
				DFCB72C721E5862700A3F827 /* Extension_UIColor.swift in Sources */,
				A7F4395C21D31D84003D5C2A /* AppDelegate.swift in Sources */,
			);
			runOnlyForDeploymentPostprocessing = 0;
		};
/* End PBXSourcesBuildPhase section */

/* Begin PBXVariantGroup section */
		A7F4395F21D31D84003D5C2A /* Main.storyboard */ = {
			isa = PBXVariantGroup;
			children = (
				A7F4396021D31D84003D5C2A /* Base */,
			);
			name = Main.storyboard;
			sourceTree = "<group>";
		};
		A7F4396421D31D86003D5C2A /* LaunchScreen.storyboard */ = {
			isa = PBXVariantGroup;
			children = (
				A7F4396521D31D86003D5C2A /* Base */,
			);
			name = LaunchScreen.storyboard;
			sourceTree = "<group>";
		};
/* End PBXVariantGroup section */

/* Begin XCBuildConfiguration section */
		A7F4396821D31D86003D5C2A /* Debug */ = {
			isa = XCBuildConfiguration;
			buildSettings = {
				ALWAYS_SEARCH_USER_PATHS = NO;
				CLANG_ANALYZER_NONNULL = YES;
				CLANG_ANALYZER_NUMBER_OBJECT_CONVERSION = YES_AGGRESSIVE;
				CLANG_CXX_LANGUAGE_STANDARD = "gnu++14";
				CLANG_CXX_LIBRARY = "libc++";
				CLANG_ENABLE_MODULES = YES;
				CLANG_ENABLE_OBJC_ARC = YES;
				CLANG_ENABLE_OBJC_WEAK = YES;
				CLANG_WARN_BLOCK_CAPTURE_AUTORELEASING = YES;
				CLANG_WARN_BOOL_CONVERSION = YES;
				CLANG_WARN_COMMA = YES;
				CLANG_WARN_CONSTANT_CONVERSION = YES;
				CLANG_WARN_DEPRECATED_OBJC_IMPLEMENTATIONS = YES;
				CLANG_WARN_DIRECT_OBJC_ISA_USAGE = YES_ERROR;
				CLANG_WARN_DOCUMENTATION_COMMENTS = YES;
				CLANG_WARN_EMPTY_BODY = YES;
				CLANG_WARN_ENUM_CONVERSION = YES;
				CLANG_WARN_INFINITE_RECURSION = YES;
				CLANG_WARN_INT_CONVERSION = YES;
				CLANG_WARN_NON_LITERAL_NULL_CONVERSION = YES;
				CLANG_WARN_OBJC_IMPLICIT_RETAIN_SELF = YES;
				CLANG_WARN_OBJC_LITERAL_CONVERSION = YES;
				CLANG_WARN_OBJC_ROOT_CLASS = YES_ERROR;
				CLANG_WARN_RANGE_LOOP_ANALYSIS = YES;
				CLANG_WARN_STRICT_PROTOTYPES = YES;
				CLANG_WARN_SUSPICIOUS_MOVE = YES;
				CLANG_WARN_UNGUARDED_AVAILABILITY = YES_AGGRESSIVE;
				CLANG_WARN_UNREACHABLE_CODE = YES;
				CLANG_WARN__DUPLICATE_METHOD_MATCH = YES;
				CODE_SIGN_IDENTITY = "iPhone Developer";
				COPY_PHASE_STRIP = NO;
				DEBUG_INFORMATION_FORMAT = dwarf;
				ENABLE_STRICT_OBJC_MSGSEND = YES;
				ENABLE_TESTABILITY = YES;
				GCC_C_LANGUAGE_STANDARD = gnu11;
				GCC_DYNAMIC_NO_PIC = NO;
				GCC_NO_COMMON_BLOCKS = YES;
				GCC_OPTIMIZATION_LEVEL = 0;
				GCC_PREPROCESSOR_DEFINITIONS = (
					"DEBUG=1",
					"$(inherited)",
				);
				GCC_WARN_64_TO_32_BIT_CONVERSION = YES;
				GCC_WARN_ABOUT_RETURN_TYPE = YES_ERROR;
				GCC_WARN_UNDECLARED_SELECTOR = YES;
				GCC_WARN_UNINITIALIZED_AUTOS = YES_AGGRESSIVE;
				GCC_WARN_UNUSED_FUNCTION = YES;
				GCC_WARN_UNUSED_VARIABLE = YES;
				IPHONEOS_DEPLOYMENT_TARGET = 12.1;
				MTL_ENABLE_DEBUG_INFO = INCLUDE_SOURCE;
				MTL_FAST_MATH = YES;
				ONLY_ACTIVE_ARCH = YES;
				SDKROOT = iphoneos;
				SWIFT_ACTIVE_COMPILATION_CONDITIONS = DEBUG;
				SWIFT_OPTIMIZATION_LEVEL = "-Onone";
			};
			name = Debug;
		};
		A7F4396921D31D86003D5C2A /* Release */ = {
			isa = XCBuildConfiguration;
			buildSettings = {
				ALWAYS_SEARCH_USER_PATHS = NO;
				CLANG_ANALYZER_NONNULL = YES;
				CLANG_ANALYZER_NUMBER_OBJECT_CONVERSION = YES_AGGRESSIVE;
				CLANG_CXX_LANGUAGE_STANDARD = "gnu++14";
				CLANG_CXX_LIBRARY = "libc++";
				CLANG_ENABLE_MODULES = YES;
				CLANG_ENABLE_OBJC_ARC = YES;
				CLANG_ENABLE_OBJC_WEAK = YES;
				CLANG_WARN_BLOCK_CAPTURE_AUTORELEASING = YES;
				CLANG_WARN_BOOL_CONVERSION = YES;
				CLANG_WARN_COMMA = YES;
				CLANG_WARN_CONSTANT_CONVERSION = YES;
				CLANG_WARN_DEPRECATED_OBJC_IMPLEMENTATIONS = YES;
				CLANG_WARN_DIRECT_OBJC_ISA_USAGE = YES_ERROR;
				CLANG_WARN_DOCUMENTATION_COMMENTS = YES;
				CLANG_WARN_EMPTY_BODY = YES;
				CLANG_WARN_ENUM_CONVERSION = YES;
				CLANG_WARN_INFINITE_RECURSION = YES;
				CLANG_WARN_INT_CONVERSION = YES;
				CLANG_WARN_NON_LITERAL_NULL_CONVERSION = YES;
				CLANG_WARN_OBJC_IMPLICIT_RETAIN_SELF = YES;
				CLANG_WARN_OBJC_LITERAL_CONVERSION = YES;
				CLANG_WARN_OBJC_ROOT_CLASS = YES_ERROR;
				CLANG_WARN_RANGE_LOOP_ANALYSIS = YES;
				CLANG_WARN_STRICT_PROTOTYPES = YES;
				CLANG_WARN_SUSPICIOUS_MOVE = YES;
				CLANG_WARN_UNGUARDED_AVAILABILITY = YES_AGGRESSIVE;
				CLANG_WARN_UNREACHABLE_CODE = YES;
				CLANG_WARN__DUPLICATE_METHOD_MATCH = YES;
				CODE_SIGN_IDENTITY = "iPhone Developer";
				COPY_PHASE_STRIP = NO;
				DEBUG_INFORMATION_FORMAT = "dwarf-with-dsym";
				ENABLE_NS_ASSERTIONS = NO;
				ENABLE_STRICT_OBJC_MSGSEND = YES;
				GCC_C_LANGUAGE_STANDARD = gnu11;
				GCC_NO_COMMON_BLOCKS = YES;
				GCC_WARN_64_TO_32_BIT_CONVERSION = YES;
				GCC_WARN_ABOUT_RETURN_TYPE = YES_ERROR;
				GCC_WARN_UNDECLARED_SELECTOR = YES;
				GCC_WARN_UNINITIALIZED_AUTOS = YES_AGGRESSIVE;
				GCC_WARN_UNUSED_FUNCTION = YES;
				GCC_WARN_UNUSED_VARIABLE = YES;
				IPHONEOS_DEPLOYMENT_TARGET = 12.1;
				MTL_ENABLE_DEBUG_INFO = NO;
				MTL_FAST_MATH = YES;
				SDKROOT = iphoneos;
				SWIFT_COMPILATION_MODE = wholemodule;
				SWIFT_OPTIMIZATION_LEVEL = "-O";
				VALIDATE_PRODUCT = YES;
			};
			name = Release;
		};
		A7F4396B21D31D86003D5C2A /* Debug */ = {
			isa = XCBuildConfiguration;
			buildSettings = {
				ASSETCATALOG_COMPILER_APPICON_NAME = AppIcon;
				CODE_SIGN_STYLE = Automatic;
				DEVELOPMENT_TEAM = J7F396NY54;
				INFOPLIST_FILE = mlexp/Info.plist;
				LD_RUNPATH_SEARCH_PATHS = (
					"$(inherited)",
					"@executable_path/Frameworks",
				);
				PRODUCT_BUNDLE_IDENTIFIER = com.YJ.mlexp;
				PRODUCT_NAME = "$(TARGET_NAME)";
				SWIFT_VERSION = 4.2;
				TARGETED_DEVICE_FAMILY = "1,2";
			};
			name = Debug;
		};
		A7F4396C21D31D86003D5C2A /* Release */ = {
			isa = XCBuildConfiguration;
			buildSettings = {
				ASSETCATALOG_COMPILER_APPICON_NAME = AppIcon;
				CODE_SIGN_STYLE = Automatic;
				DEVELOPMENT_TEAM = J7F396NY54;
				INFOPLIST_FILE = mlexp/Info.plist;
				LD_RUNPATH_SEARCH_PATHS = (
					"$(inherited)",
					"@executable_path/Frameworks",
				);
				PRODUCT_BUNDLE_IDENTIFIER = com.YJ.mlexp;
				PRODUCT_NAME = "$(TARGET_NAME)";
				SWIFT_VERSION = 4.2;
				TARGETED_DEVICE_FAMILY = "1,2";
			};
			name = Release;
		};
/* End XCBuildConfiguration section */

/* Begin XCConfigurationList section */
		A7F4395321D31D84003D5C2A /* Build configuration list for PBXProject "mlexp" */ = {
			isa = XCConfigurationList;
			buildConfigurations = (
				A7F4396821D31D86003D5C2A /* Debug */,
				A7F4396921D31D86003D5C2A /* Release */,
			);
			defaultConfigurationIsVisible = 0;
			defaultConfigurationName = Release;
		};
		A7F4396A21D31D86003D5C2A /* Build configuration list for PBXNativeTarget "mlexp" */ = {
			isa = XCConfigurationList;
			buildConfigurations = (
				A7F4396B21D31D86003D5C2A /* Debug */,
				A7F4396C21D31D86003D5C2A /* Release */,
			);
			defaultConfigurationIsVisible = 0;
			defaultConfigurationName = Release;
		};
/* End XCConfigurationList section */
	};
	rootObject = A7F4395021D31D84003D5C2A /* Project object */;
}
